
Microsoft Visual Studio Solution File, Format Version 12.00
# Visual Studio Version 17
VisualStudioVersion = 17.9.34728.123
MinimumVisualStudioVersion = 10.0.40219.1
Project("{FAE04EC0-301F-11D3-BF4B-00C04F79EFBC}") = "Triangulo", "Triangulo\Triangulo.csproj", "{5AD334C3-871B-4C1F-99D6-FEB078ED7922}"
EndProject
Global
	GlobalSection(SolutionConfigurationPlatforms) = preSolution
		Debug|Any CPU = Debug|Any CPU
		Release|Any CPU = Release|Any CPU
	EndGlobalSection
	GlobalSection(ProjectConfigurationPlatforms) = postSolution
		{5AD334C3-871B-4C1F-99D6-FEB078ED7922}.Debug|Any CPU.ActiveCfg = Debug|Any CPU
		{5AD334C3-871B-4C1F-99D6-FEB078ED7922}.Debug|Any CPU.Build.0 = Debug|Any CPU
		{5AD334C3-871B-4C1F-99D6-FEB078ED7922}.Release|Any CPU.ActiveCfg = Release|Any CPU
		{5AD334C3-871B-4C1F-99D6-FEB078ED7922}.Release|Any CPU.Build.0 = Release|Any CPU
	EndGlobalSection
	GlobalSection(SolutionProperties) = preSolution
		HideSolutionNode = FALSE
	EndGlobalSection
	GlobalSection(ExtensibilityGlobals) = postSolution
		SolutionGuid = {2E1317BC-1407-44FA-9521-5F964EC1E97B}
	EndGlobalSection
EndGlobal
